
Microsoft Visual Studio Solution File, Format Version 12.00
# Visual Studio Version 17
VisualStudioVersion = 17.4.33110.190
MinimumVisualStudioVersion = 10.0.40219.1
Project("{FAE04EC0-301F-11D3-BF4B-00C04F79EFBC}") = "Canvas", "Canvas\Canvas.csproj", "{78D43E84-E506-4E7F-9CB5-EE2D6055CDB4}"
EndProject
Project("{FAE04EC0-301F-11D3-BF4B-00C04F79EFBC}") = "DomainModel", "DomainModel\DomainModel.csproj", "{44E9D4D8-3494-48DA-AA5D-D1137ACAD173}"
EndProject
Global
	GlobalSection(SolutionConfigurationPlatforms) = preSolution
		Debug|Any CPU = Debug|Any CPU
		Release|Any CPU = Release|Any CPU
	EndGlobalSection
	GlobalSection(ProjectConfigurationPlatforms) = postSolution
		{78D43E84-E506-4E7F-9CB5-EE2D6055CDB4}.Debug|Any CPU.ActiveCfg = Debug|Any CPU
		{78D43E84-E506-4E7F-9CB5-EE2D6055CDB4}.Debug|Any CPU.Build.0 = Debug|Any CPU
		{78D43E84-E506-4E7F-9CB5-EE2D6055CDB4}.Release|Any CPU.ActiveCfg = Release|Any CPU
		{78D43E84-E506-4E7F-9CB5-EE2D6055CDB4}.Release|Any CPU.Build.0 = Release|Any CPU
		{44E9D4D8-3494-48DA-AA5D-D1137ACAD173}.Debug|Any CPU.ActiveCfg = Debug|Any CPU
		{44E9D4D8-3494-48DA-AA5D-D1137ACAD173}.Debug|Any CPU.Build.0 = Debug|Any CPU
		{44E9D4D8-3494-48DA-AA5D-D1137ACAD173}.Release|Any CPU.ActiveCfg = Release|Any CPU
		{44E9D4D8-3494-48DA-AA5D-D1137ACAD173}.Release|Any CPU.Build.0 = Release|Any CPU
	EndGlobalSection
	GlobalSection(SolutionProperties) = preSolution
		HideSolutionNode = FALSE
	EndGlobalSection
	GlobalSection(ExtensibilityGlobals) = postSolution
		SolutionGuid = {40B7122F-C452-46E0-B28A-78F016A80102}
	EndGlobalSection
EndGlobal
